
Microsoft Visual Studio Solution File, Format Version 12.00
# Visual Studio Version 17
VisualStudioVersion = 17.3.32825.248
MinimumVisualStudioVersion = 10.0.40219.1
Project("{FAE04EC0-301F-11D3-BF4B-00C04F79EFBC}") = "DevOpsWow", "DevOpsWow\DevOpsWow.csproj", "{CC6E9C54-34A3-4ED9-A2F8-B80F0A34E7FD}"
EndProject
Global
	GlobalSection(SolutionConfigurationPlatforms) = preSolution
		Debug|Any CPU = Debug|Any CPU
		Release|Any CPU = Release|Any CPU
	EndGlobalSection
	GlobalSection(ProjectConfigurationPlatforms) = postSolution
		{CC6E9C54-34A3-4ED9-A2F8-B80F0A34E7FD}.Debug|Any CPU.ActiveCfg = Debug|Any CPU
		{CC6E9C54-34A3-4ED9-A2F8-B80F0A34E7FD}.Debug|Any CPU.Build.0 = Debug|Any CPU
		{CC6E9C54-34A3-4ED9-A2F8-B80F0A34E7FD}.Release|Any CPU.ActiveCfg = Release|Any CPU
		{CC6E9C54-34A3-4ED9-A2F8-B80F0A34E7FD}.Release|Any CPU.Build.0 = Release|Any CPU
	EndGlobalSection
	GlobalSection(SolutionProperties) = preSolution
		HideSolutionNode = FALSE
	EndGlobalSection
	GlobalSection(ExtensibilityGlobals) = postSolution
		SolutionGuid = {7562D0C7-7CD8-4E0A-8FC3-5F41CF4F637B}
	EndGlobalSection
EndGlobal
